// !$*UTF8*$!
{
	archiveVersion = 1;
	classes = {
	};
	objectVersion = 46;
	objects = {

/* Begin PBXBuildFile section */
		7952D1D91E1B5AE700C80A69 /* main.m in Sources */ = {isa = PBXBuildFile; fileRef = 7952D1D81E1B5AE700C80A69 /* main.m */; };
		7952D1DC1E1B5AE700C80A69 /* LBAppDelegate.m in Sources */ = {isa = PBXBuildFile; fileRef = 7952D1DB1E1B5AE700C80A69 /* LBAppDelegate.m */; };
		7952D1DF1E1B5AE700C80A69 /* LBViewController.m in Sources */ = {isa = PBXBuildFile; fileRef = 7952D1DE1E1B5AE700C80A69 /* LBViewController.m */; };
		7952D1E21E1B5AE700C80A69 /* Main.storyboard in Resources */ = {isa = PBXBuildFile; fileRef = 7952D1E01E1B5AE700C80A69 /* Main.storyboard */; };
		7952D1E41E1B5AE700C80A69 /* Assets.xcassets in Resources */ = {isa = PBXBuildFile; fileRef = 7952D1E31E1B5AE700C80A69 /* Assets.xcassets */; };
		7952D1E71E1B5AE700C80A69 /* LaunchScreen.storyboard in Resources */ = {isa = PBXBuildFile; fileRef = 7952D1E51E1B5AE700C80A69 /* LaunchScreen.storyboard */; };
		7952D1F11E1B5B1100C80A69 /* LBPullView.m in Sources */ = {isa = PBXBuildFile; fileRef = 7952D1F01E1B5B1100C80A69 /* LBPullView.m */; };
/* End PBXBuildFile section */

/* Begin PBXFileReference section */
		7952D1D41E1B5AE700C80A69 /* LBPullList.app */ = {isa = PBXFileReference; explicitFileType = wrapper.application; includeInIndex = 0; path = LBPullList.app; sourceTree = BUILT_PRODUCTS_DIR; };
		7952D1D81E1B5AE700C80A69 /* main.m */ = {isa = PBXFileReference; lastKnownFileType = sourcecode.c.objc; path = main.m; sourceTree = "<group>"; };
		7952D1DA1E1B5AE700C80A69 /* LBAppDelegate.h */ = {isa = PBXFileReference; lastKnownFileType = sourcecode.c.h; path = LBAppDelegate.h; sourceTree = "<group>"; };
		7952D1DB1E1B5AE700C80A69 /* LBAppDelegate.m */ = {isa = PBXFileReference; lastKnownFileType = sourcecode.c.objc; path = LBAppDelegate.m; sourceTree = "<group>"; };
		7952D1DD1E1B5AE700C80A69 /* LBViewController.h */ = {isa = PBXFileReference; lastKnownFileType = sourcecode.c.h; path = LBViewController.h; sourceTree = "<group>"; };
		7952D1DE1E1B5AE700C80A69 /* LBViewController.m */ = {isa = PBXFileReference; lastKnownFileType = sourcecode.c.objc; path = LBViewController.m; sourceTree = "<group>"; };
		7952D1E11E1B5AE700C80A69 /* Base */ = {isa = PBXFileReference; lastKnownFileType = file.storyboard; name = Base; path = Base.lproj/Main.storyboard; sourceTree = "<group>"; };
		7952D1E31E1B5AE700C80A69 /* Assets.xcassets */ = {isa = PBXFileReference; lastKnownFileType = folder.assetcatalog; path = Assets.xcassets; sourceTree = "<group>"; };
		7952D1E61E1B5AE700C80A69 /* Base */ = {isa = PBXFileReference; lastKnownFileType = file.storyboard; name = Base; path = Base.lproj/LaunchScreen.storyboard; sourceTree = "<group>"; };
		7952D1E81E1B5AE700C80A69 /* Info.plist */ = {isa = PBXFileReference; lastKnownFileType = text.plist.xml; path = Info.plist; sourceTree = "<group>"; };
		7952D1EF1E1B5B1100C80A69 /* LBPullView.h */ = {isa = PBXFileReference; fileEncoding = 4; lastKnownFileType = sourcecode.c.h; path = LBPullView.h; sourceTree = "<group>"; };
		7952D1F01E1B5B1100C80A69 /* LBPullView.m */ = {isa = PBXFileReference; fileEncoding = 4; lastKnownFileType = sourcecode.c.objc; path = LBPullView.m; sourceTree = "<group>"; };
/* End PBXFileReference section */

/* Begin PBXFrameworksBuildPhase section */
		7952D1D11E1B5AE700C80A69 /* Frameworks */ = {
			isa = PBXFrameworksBuildPhase;
			buildActionMask = 2147483647;
			files = (
			);
			runOnlyForDeploymentPostprocessing = 0;
		};
/* End PBXFrameworksBuildPhase section */

/* Begin PBXGroup section */
		7952D1CB1E1B5AE700C80A69 = {
			isa = PBXGroup;
			children = (
				7952D1D61E1B5AE700C80A69 /* LBPullList */,
				7952D1D51E1B5AE700C80A69 /* Products */,
			);
			sourceTree = "<group>";
		};
		7952D1D51E1B5AE700C80A69 /* Products */ = {
			isa = PBXGroup;
			children = (
				7952D1D41E1B5AE700C80A69 /* LBPullList.app */,
			);
			name = Products;
			sourceTree = "<group>";
		};
		7952D1D61E1B5AE700C80A69 /* LBPullList */ = {
			isa = PBXGroup;
			children = (
				7952D1EE1E1B5B0300C80A69 /* LBPullList */,
				7952D1DA1E1B5AE700C80A69 /* LBAppDelegate.h */,
				7952D1DB1E1B5AE700C80A69 /* LBAppDelegate.m */,
				7952D1DD1E1B5AE700C80A69 /* LBViewController.h */,
				7952D1DE1E1B5AE700C80A69 /* LBViewController.m */,
				7952D1E01E1B5AE700C80A69 /* Main.storyboard */,
				7952D1E31E1B5AE700C80A69 /* Assets.xcassets */,
				7952D1E51E1B5AE700C80A69 /* LaunchScreen.storyboard */,
				7952D1E81E1B5AE700C80A69 /* Info.plist */,
				7952D1D71E1B5AE700C80A69 /* Supporting Files */,
			);
			path = LBPullList;
			sourceTree = "<group>";
		};
		7952D1D71E1B5AE700C80A69 /* Supporting Files */ = {
			isa = PBXGroup;
			children = (
				7952D1D81E1B5AE700C80A69 /* main.m */,
			);
			name = "Supporting Files";
			sourceTree = "<group>";
		};
		7952D1EE1E1B5B0300C80A69 /* LBPullList */ = {
			isa = PBXGroup;
			children = (
				7952D1EF1E1B5B1100C80A69 /* LBPullView.h */,
				7952D1F01E1B5B1100C80A69 /* LBPullView.m */,
			);
			path = LBPullList;
			sourceTree = "<group>";
		};
/* End PBXGroup section */

/* Begin PBXNativeTarget section */
		7952D1D31E1B5AE700C80A69 /* LBPullList */ = {
			isa = PBXNativeTarget;
			buildConfigurationList = 7952D1EB1E1B5AE700C80A69 /* Build configuration list for PBXNativeTarget "LBPullList" */;
			buildPhases = (
				7952D1D01E1B5AE700C80A69 /* Sources */,
				7952D1D11E1B5AE700C80A69 /* Frameworks */,
				7952D1D21E1B5AE700C80A69 /* Resources */,
			);
			buildRules = (
			);
			dependencies = (
			);
			name = LBPullList;
			productName = LBPullList;
			productReference = 7952D1D41E1B5AE700C80A69 /* LBPullList.app */;
			productType = "com.apple.product-type.application";
		};
/* End PBXNativeTarget section */

/* Begin PBXProject section */
		7952D1CC1E1B5AE700C80A69 /* Project object */ = {
			isa = PBXProject;
			attributes = {
				LastUpgradeCheck = 0810;
				ORGANIZATIONNAME = whatTheGhost;
				TargetAttributes = {
					7952D1D31E1B5AE700C80A69 = {
						CreatedOnToolsVersion = 8.1;
						DevelopmentTeam = WAD69NR95N;
						ProvisioningStyle = Automatic;
					};
				};
			};
			buildConfigurationList = 7952D1CF1E1B5AE700C80A69 /* Build configuration list for PBXProject "LBPullList" */;
			compatibilityVersion = "Xcode 3.2";
			developmentRegion = English;
			hasScannedForEncodings = 0;
			knownRegions = (
				en,
				Base,
			);
			mainGroup = 7952D1CB1E1B5AE700C80A69;
			productRefGroup = 7952D1D51E1B5AE700C80A69 /* Products */;
			projectDirPath = "";
			projectRoot = "";
			targets = (
				7952D1D31E1B5AE700C80A69 /* LBPullList */,
			);
		};
/* End PBXProject section */

/* Begin PBXResourcesBuildPhase section */
		7952D1D21E1B5AE700C80A69 /* Resources */ = {
			isa = PBXResourcesBuildPhase;
			buildActionMask = 2147483647;
			files = (
				7952D1E71E1B5AE700C80A69 /* LaunchScreen.storyboard in Resources */,
				7952D1E41E1B5AE700C80A69 /* Assets.xcassets in Resources */,
				7952D1E21E1B5AE700C80A69 /* Main.storyboard in Resources */,
			);
			runOnlyForDeploymentPostprocessing = 0;
		};
/* End PBXResourcesBuildPhase section */

/* Begin PBXSourcesBuildPhase section */
		7952D1D01E1B5AE700C80A69 /* Sources */ = {
			isa = PBXSourcesBuildPhase;
			buildActionMask = 2147483647;
			files = (
				7952D1DF1E1B5AE700C80A69 /* LBViewController.m in Sources */,
				7952D1F11E1B5B1100C80A69 /* LBPullView.m in Sources */,
				7952D1DC1E1B5AE700C80A69 /* LBAppDelegate.m in Sources */,
				7952D1D91E1B5AE700C80A69 /* main.m in Sources */,
			);
			runOnlyForDeploymentPostprocessing = 0;
		};
/* End PBXSourcesBuildPhase section */

/* Begin PBXVariantGroup section */
		7952D1E01E1B5AE700C80A69 /* Main.storyboard */ = {
			isa = PBXVariantGroup;
			children = (
				7952D1E11E1B5AE700C80A69 /* Base */,
			);
			name = Main.storyboard;
			sourceTree = "<group>";
		};
		7952D1E51E1B5AE700C80A69 /* LaunchScreen.storyboard */ = {
			isa = PBXVariantGroup;
			children = (
				7952D1E61E1B5AE700C80A69 /* Base */,
			);
			name = LaunchScreen.storyboard;
			sourceTree = "<group>";
		};
/* End PBXVariantGroup section */

/* Begin XCBuildConfiguration section */
		7952D1E91E1B5AE700C80A69 /* Debug */ = {
			isa = XCBuildConfiguration;
			buildSettings = {
				ALWAYS_SEARCH_USER_PATHS = NO;
				CLANG_ANALYZER_NONNULL = YES;
				CLANG_CXX_LANGUAGE_STANDARD = "gnu++0x";
				CLANG_CXX_LIBRARY = "libc++";
				CLANG_ENABLE_MODULES = YES;
				CLANG_ENABLE_OBJC_ARC = YES;
				CLANG_WARN_BOOL_CONVERSION = YES;
				CLANG_WARN_CONSTANT_CONVERSION = YES;
				CLANG_WARN_DIRECT_OBJC_ISA_USAGE = YES_ERROR;
				CLANG_WARN_DOCUMENTATION_COMMENTS = YES;
				CLANG_WARN_EMPTY_BODY = YES;
				CLANG_WARN_ENUM_CONVERSION = YES;
				CLANG_WARN_INFINITE_RECURSION = YES;
				CLANG_WARN_INT_CONVERSION = YES;
				CLANG_WARN_OBJC_ROOT_CLASS = YES_ERROR;
				CLANG_WARN_SUSPICIOUS_MOVES = YES;
				CLANG_WARN_UNREACHABLE_CODE = YES;
				CLANG_WARN__DUPLICATE_METHOD_MATCH = YES;
				"CODE_SIGN_IDENTITY[sdk=iphoneos*]" = "iPhone Developer";
				COPY_PHASE_STRIP = NO;
				DEBUG_INFORMATION_FORMAT = dwarf;
				ENABLE_STRICT_OBJC_MSGSEND = YES;
				ENABLE_TESTABILITY = YES;
				GCC_C_LANGUAGE_STANDARD = gnu99;
				GCC_DYNAMIC_NO_PIC = NO;
				GCC_NO_COMMON_BLOCKS = YES;
				GCC_OPTIMIZATION_LEVEL = 0;
				GCC_PREPROCESSOR_DEFINITIONS = (
					"DEBUG=1",
					"$(inherited)",
				);
				GCC_WARN_64_TO_32_BIT_CONVERSION = YES;
				GCC_WARN_ABOUT_RETURN_TYPE = YES_ERROR;
				GCC_WARN_UNDECLARED_SELECTOR = YES;
				GCC_WARN_UNINITIALIZED_AUTOS = YES_AGGRESSIVE;
				GCC_WARN_UNUSED_FUNCTION = YES;
				GCC_WARN_UNUSED_VARIABLE = YES;
				IPHONEOS_DEPLOYMENT_TARGET = 10.1;
				MTL_ENABLE_DEBUG_INFO = YES;
				ONLY_ACTIVE_ARCH = YES;
				SDKROOT = iphoneos;
			};
			name = Debug;
		};
		7952D1EA1E1B5AE700C80A69 /* Release */ = {
			isa = XCBuildConfiguration;
			buildSettings = {
				ALWAYS_SEARCH_USER_PATHS = NO;
				CLANG_ANALYZER_NONNULL = YES;
				CLANG_CXX_LANGUAGE_STANDARD = "gnu++0x";
				CLANG_CXX_LIBRARY = "libc++";
				CLANG_ENABLE_MODULES = YES;
				CLANG_ENABLE_OBJC_ARC = YES;
				CLANG_WARN_BOOL_CONVERSION = YES;
				CLANG_WARN_CONSTANT_CONVERSION = YES;
				CLANG_WARN_DIRECT_OBJC_ISA_USAGE = YES_ERROR;
				CLANG_WARN_DOCUMENTATION_COMMENTS = YES;
				CLANG_WARN_EMPTY_BODY = YES;
				CLANG_WARN_ENUM_CONVERSION = YES;
				CLANG_WARN_INFINITE_RECURSION = YES;
				CLANG_WARN_INT_CONVERSION = YES;
				CLANG_WARN_OBJC_ROOT_CLASS = YES_ERROR;
				CLANG_WARN_SUSPICIOUS_MOVES = YES;
				CLANG_WARN_UNREACHABLE_CODE = YES;
				CLANG_WARN__DUPLICATE_METHOD_MATCH = YES;
				"CODE_SIGN_IDENTITY[sdk=iphoneos*]" = "iPhone Developer";
				COPY_PHASE_STRIP = NO;
				DEBUG_INFORMATION_FORMAT = "dwarf-with-dsym";
				ENABLE_NS_ASSERTIONS = NO;
				ENABLE_STRICT_OBJC_MSGSEND = YES;
				GCC_C_LANGUAGE_STANDARD = gnu99;
				GCC_NO_COMMON_BLOCKS = YES;
				GCC_WARN_64_TO_32_BIT_CONVERSION = YES;
				GCC_WARN_ABOUT_RETURN_TYPE = YES_ERROR;
				GCC_WARN_UNDECLARED_SELECTOR = YES;
				GCC_WARN_UNINITIALIZED_AUTOS = YES_AGGRESSIVE;
				GCC_WARN_UNUSED_FUNCTION = YES;
				GCC_WARN_UNUSED_VARIABLE = YES;
				IPHONEOS_DEPLOYMENT_TARGET = 10.1;
				MTL_ENABLE_DEBUG_INFO = NO;
				SDKROOT = iphoneos;
				VALIDATE_PRODUCT = YES;
			};
			name = Release;
		};
		7952D1EC1E1B5AE700C80A69 /* Debug */ = {
			isa = XCBuildConfiguration;
			buildSettings = {
				ASSETCATALOG_COMPILER_APPICON_NAME = AppIcon;
				DEVELOPMENT_TEAM = WAD69NR95N;
				INFOPLIST_FILE = LBPullList/Info.plist;
				LD_RUNPATH_SEARCH_PATHS = "$(inherited) @executable_path/Frameworks";
				PRODUCT_BUNDLE_IDENTIFIER = com.whatTheGhost.LBPullList;
				PRODUCT_NAME = "$(TARGET_NAME)";
			};
			name = Debug;
		};
		7952D1ED1E1B5AE700C80A69 /* Release */ = {
			isa = XCBuildConfiguration;
			buildSettings = {
				ASSETCATALOG_COMPILER_APPICON_NAME = AppIcon;
				DEVELOPMENT_TEAM = WAD69NR95N;
				INFOPLIST_FILE = LBPullList/Info.plist;
				LD_RUNPATH_SEARCH_PATHS = "$(inherited) @executable_path/Frameworks";
				PRODUCT_BUNDLE_IDENTIFIER = com.whatTheGhost.LBPullList;
				PRODUCT_NAME = "$(TARGET_NAME)";
			};
			name = Release;
		};
/* End XCBuildConfiguration section */

/* Begin XCConfigurationList section */
		7952D1CF1E1B5AE700C80A69 /* Build configuration list for PBXProject "LBPullList" */ = {
			isa = XCConfigurationList;
			buildConfigurations = (
				7952D1E91E1B5AE700C80A69 /* Debug */,
				7952D1EA1E1B5AE700C80A69 /* Release */,
			);
			defaultConfigurationIsVisible = 0;
			defaultConfigurationName = Release;
		};
		7952D1EB1E1B5AE700C80A69 /* Build configuration list for PBXNativeTarget "LBPullList" */ = {
			isa = XCConfigurationList;
			buildConfigurations = (
				7952D1EC1E1B5AE700C80A69 /* Debug */,
				7952D1ED1E1B5AE700C80A69 /* Release */,
			);
			defaultConfigurationIsVisible = 0;
		};
/* End XCConfigurationList section */
	};
	rootObject = 7952D1CC1E1B5AE700C80A69 /* Project object */;
}
